
Microsoft Visual Studio Solution File, Format Version 12.00
# Visual Studio Version 16
VisualStudioVersion = 16.0.30309.148
MinimumVisualStudioVersion = 10.0.40219.1
Project("{FAE04EC0-301F-11D3-BF4B-00C04F79EFBC}") = "BoosterCount", "BoosterCount.csproj", "{26D4150C-A479-46E4-86CB-25B1F3B82CA3}"
EndProject
Global
	GlobalSection(SolutionConfigurationPlatforms) = preSolution
		Debug|Any CPU = Debug|Any CPU
		Release|Any CPU = Release|Any CPU
	EndGlobalSection
	GlobalSection(ProjectConfigurationPlatforms) = postSolution
		{26D4150C-A479-46E4-86CB-25B1F3B82CA3}.Debug|Any CPU.ActiveCfg = Debug|Any CPU
		{26D4150C-A479-46E4-86CB-25B1F3B82CA3}.Debug|Any CPU.Build.0 = Debug|Any CPU
		{26D4150C-A479-46E4-86CB-25B1F3B82CA3}.Release|Any CPU.ActiveCfg = Release|Any CPU
		{26D4150C-A479-46E4-86CB-25B1F3B82CA3}.Release|Any CPU.Build.0 = Release|Any CPU
	EndGlobalSection
	GlobalSection(SolutionProperties) = preSolution
		HideSolutionNode = FALSE
	EndGlobalSection
	GlobalSection(ExtensibilityGlobals) = postSolution
		SolutionGuid = {B0BC3479-1306-49A8-A5D7-EA1B7EDEA22B}
	EndGlobalSection
EndGlobal
